
Microsoft Visual Studio Solution File, Format Version 12.00
# Visual Studio Version 16
VisualStudioVersion = 16.0.30406.217
MinimumVisualStudioVersion = 10.0.40219.1
Project("{FAE04EC0-301F-11D3-BF4B-00C04F79EFBC}") = "DynamicProgramming", "DynamicProgramming\DynamicProgramming.csproj", "{21BD5DB1-4DC5-42BA-83FD-5E2E922C9CF6}"
EndProject
Global
	GlobalSection(SolutionConfigurationPlatforms) = preSolution
		Debug|Any CPU = Debug|Any CPU
		Release|Any CPU = Release|Any CPU
	EndGlobalSection
	GlobalSection(ProjectConfigurationPlatforms) = postSolution
		{21BD5DB1-4DC5-42BA-83FD-5E2E922C9CF6}.Debug|Any CPU.ActiveCfg = Debug|Any CPU
		{21BD5DB1-4DC5-42BA-83FD-5E2E922C9CF6}.Debug|Any CPU.Build.0 = Debug|Any CPU
		{21BD5DB1-4DC5-42BA-83FD-5E2E922C9CF6}.Release|Any CPU.ActiveCfg = Release|Any CPU
		{21BD5DB1-4DC5-42BA-83FD-5E2E922C9CF6}.Release|Any CPU.Build.0 = Release|Any CPU
	EndGlobalSection
	GlobalSection(SolutionProperties) = preSolution
		HideSolutionNode = FALSE
	EndGlobalSection
	GlobalSection(ExtensibilityGlobals) = postSolution
		SolutionGuid = {70EA1426-66A9-4D9B-824E-F11E1B67A1E4}
	EndGlobalSection
EndGlobal
